// !$*UTF8*$!
{
	archiveVersion = 1;
	classes = {
	};
	objectVersion = 46;
	objects = {

/* Begin PBXBuildFile section */
		38F0C8E51BB5DD440030EC5D /* AppDelegate.swift in Sources */ = {isa = PBXBuildFile; fileRef = 38F0C8E41BB5DD440030EC5D /* AppDelegate.swift */; };
		38F0C8E71BB5DD440030EC5D /* ViewController.swift in Sources */ = {isa = PBXBuildFile; fileRef = 38F0C8E61BB5DD440030EC5D /* ViewController.swift */; };
		38F0C8EA1BB5DD440030EC5D /* Main.storyboard in Resources */ = {isa = PBXBuildFile; fileRef = 38F0C8E81BB5DD440030EC5D /* Main.storyboard */; };
		38F0C8EC1BB5DD440030EC5D /* Assets.xcassets in Resources */ = {isa = PBXBuildFile; fileRef = 38F0C8EB1BB5DD440030EC5D /* Assets.xcassets */; };
		38F0C8EF1BB5DD440030EC5D /* LaunchScreen.storyboard in Resources */ = {isa = PBXBuildFile; fileRef = 38F0C8ED1BB5DD440030EC5D /* LaunchScreen.storyboard */; };
/* End PBXBuildFile section */

/* Begin PBXFileReference section */
		38F0C8E11BB5DD440030EC5D /* Sneezeboard.app */ = {isa = PBXFileReference; explicitFileType = wrapper.application; includeInIndex = 0; path = Sneezeboard.app; sourceTree = BUILT_PRODUCTS_DIR; };
		38F0C8E41BB5DD440030EC5D /* AppDelegate.swift */ = {isa = PBXFileReference; lastKnownFileType = sourcecode.swift; path = AppDelegate.swift; sourceTree = "<group>"; };
		38F0C8E61BB5DD440030EC5D /* ViewController.swift */ = {isa = PBXFileReference; lastKnownFileType = sourcecode.swift; path = ViewController.swift; sourceTree = "<group>"; };
		38F0C8E91BB5DD440030EC5D /* Base */ = {isa = PBXFileReference; lastKnownFileType = file.storyboard; name = Base; path = Base.lproj/Main.storyboard; sourceTree = "<group>"; };
		38F0C8EB1BB5DD440030EC5D /* Assets.xcassets */ = {isa = PBXFileReference; lastKnownFileType = folder.assetcatalog; path = Assets.xcassets; sourceTree = "<group>"; };
		38F0C8EE1BB5DD440030EC5D /* Base */ = {isa = PBXFileReference; lastKnownFileType = file.storyboard; name = Base; path = Base.lproj/LaunchScreen.storyboard; sourceTree = "<group>"; };
		38F0C8F01BB5DD440030EC5D /* Info.plist */ = {isa = PBXFileReference; lastKnownFileType = text.plist.xml; path = Info.plist; sourceTree = "<group>"; };
/* End PBXFileReference section */

/* Begin PBXFrameworksBuildPhase section */
		38F0C8DE1BB5DD440030EC5D /* Frameworks */ = {
			isa = PBXFrameworksBuildPhase;
			buildActionMask = 2147483647;
			files = (
			);
			runOnlyForDeploymentPostprocessing = 0;
		};
/* End PBXFrameworksBuildPhase section */

/* Begin PBXGroup section */
		38F0C8D81BB5DD440030EC5D = {
			isa = PBXGroup;
			children = (
				38F0C8E31BB5DD440030EC5D /* Sneezeboard */,
				38F0C8E21BB5DD440030EC5D /* Products */,
			);
			sourceTree = "<group>";
		};
		38F0C8E21BB5DD440030EC5D /* Products */ = {
			isa = PBXGroup;
			children = (
				38F0C8E11BB5DD440030EC5D /* Sneezeboard.app */,
			);
			name = Products;
			sourceTree = "<group>";
		};
		38F0C8E31BB5DD440030EC5D /* Sneezeboard */ = {
			isa = PBXGroup;
			children = (
				38F0C8E41BB5DD440030EC5D /* AppDelegate.swift */,
				38F0C8E61BB5DD440030EC5D /* ViewController.swift */,
				38F0C8E81BB5DD440030EC5D /* Main.storyboard */,
				38F0C8EB1BB5DD440030EC5D /* Assets.xcassets */,
				38F0C8ED1BB5DD440030EC5D /* LaunchScreen.storyboard */,
				38F0C8F01BB5DD440030EC5D /* Info.plist */,
			);
			path = Sneezeboard;
			sourceTree = "<group>";
		};
/* End PBXGroup section */

/* Begin PBXNativeTarget section */
		38F0C8E01BB5DD440030EC5D /* Sneezeboard */ = {
			isa = PBXNativeTarget;
			buildConfigurationList = 38F0C8F31BB5DD440030EC5D /* Build configuration list for PBXNativeTarget "Sneezeboard" */;
			buildPhases = (
				38F0C8DD1BB5DD440030EC5D /* Sources */,
				38F0C8DE1BB5DD440030EC5D /* Frameworks */,
				38F0C8DF1BB5DD440030EC5D /* Resources */,
			);
			buildRules = (
			);
			dependencies = (
			);
			name = Sneezeboard;
			productName = Sneezeboard;
			productReference = 38F0C8E11BB5DD440030EC5D /* Sneezeboard.app */;
			productType = "com.apple.product-type.application";
		};
/* End PBXNativeTarget section */

/* Begin PBXProject section */
		38F0C8D91BB5DD440030EC5D /* Project object */ = {
			isa = PBXProject;
			attributes = {
				LastUpgradeCheck = 0700;
				ORGANIZATIONNAME = patrick;
				TargetAttributes = {
					38F0C8E01BB5DD440030EC5D = {
						CreatedOnToolsVersion = 7.0;
					};
				};
			};
			buildConfigurationList = 38F0C8DC1BB5DD440030EC5D /* Build configuration list for PBXProject "Sneezeboard" */;
			compatibilityVersion = "Xcode 3.2";
			developmentRegion = English;
			hasScannedForEncodings = 0;
			knownRegions = (
				en,
				Base,
			);
			mainGroup = 38F0C8D81BB5DD440030EC5D;
			productRefGroup = 38F0C8E21BB5DD440030EC5D /* Products */;
			projectDirPath = "";
			projectRoot = "";
			targets = (
				38F0C8E01BB5DD440030EC5D /* Sneezeboard */,
			);
		};
/* End PBXProject section */

/* Begin PBXResourcesBuildPhase section */
		38F0C8DF1BB5DD440030EC5D /* Resources */ = {
			isa = PBXResourcesBuildPhase;
			buildActionMask = 2147483647;
			files = (
				38F0C8EF1BB5DD440030EC5D /* LaunchScreen.storyboard in Resources */,
				38F0C8EC1BB5DD440030EC5D /* Assets.xcassets in Resources */,
				38F0C8EA1BB5DD440030EC5D /* Main.storyboard in Resources */,
			);
			runOnlyForDeploymentPostprocessing = 0;
		};
/* End PBXResourcesBuildPhase section */

/* Begin PBXSourcesBuildPhase section */
		38F0C8DD1BB5DD440030EC5D /* Sources */ = {
			isa = PBXSourcesBuildPhase;
			buildActionMask = 2147483647;
			files = (
				38F0C8E71BB5DD440030EC5D /* ViewController.swift in Sources */,
				38F0C8E51BB5DD440030EC5D /* AppDelegate.swift in Sources */,
			);
			runOnlyForDeploymentPostprocessing = 0;
		};
/* End PBXSourcesBuildPhase section */

/* Begin PBXVariantGroup section */
		38F0C8E81BB5DD440030EC5D /* Main.storyboard */ = {
			isa = PBXVariantGroup;
			children = (
				38F0C8E91BB5DD440030EC5D /* Base */,
			);
			name = Main.storyboard;
			sourceTree = "<group>";
		};
		38F0C8ED1BB5DD440030EC5D /* LaunchScreen.storyboard */ = {
			isa = PBXVariantGroup;
			children = (
				38F0C8EE1BB5DD440030EC5D /* Base */,
			);
			name = LaunchScreen.storyboard;
			sourceTree = "<group>";
		};
/* End PBXVariantGroup section */

/* Begin XCBuildConfiguration section */
		38F0C8F11BB5DD440030EC5D /* Debug */ = {
			isa = XCBuildConfiguration;
			buildSettings = {
				ALWAYS_SEARCH_USER_PATHS = NO;
				CLANG_CXX_LANGUAGE_STANDARD = "gnu++0x";
				CLANG_CXX_LIBRARY = "libc++";
				CLANG_ENABLE_MODULES = YES;
				CLANG_ENABLE_OBJC_ARC = YES;
				CLANG_WARN_BOOL_CONVERSION = YES;
				CLANG_WARN_CONSTANT_CONVERSION = YES;
				CLANG_WARN_DIRECT_OBJC_ISA_USAGE = YES_ERROR;
				CLANG_WARN_EMPTY_BODY = YES;
				CLANG_WARN_ENUM_CONVERSION = YES;
				CLANG_WARN_INT_CONVERSION = YES;
				CLANG_WARN_OBJC_ROOT_CLASS = YES_ERROR;
				CLANG_WARN_UNREACHABLE_CODE = YES;
				CLANG_WARN__DUPLICATE_METHOD_MATCH = YES;
				"CODE_SIGN_IDENTITY[sdk=iphoneos*]" = "iPhone Developer";
				COPY_PHASE_STRIP = NO;
				DEBUG_INFORMATION_FORMAT = dwarf;
				ENABLE_STRICT_OBJC_MSGSEND = YES;
				ENABLE_TESTABILITY = YES;
				GCC_C_LANGUAGE_STANDARD = gnu99;
				GCC_DYNAMIC_NO_PIC = NO;
				GCC_NO_COMMON_BLOCKS = YES;
				GCC_OPTIMIZATION_LEVEL = 0;
				GCC_PREPROCESSOR_DEFINITIONS = (
					"DEBUG=1",
					"$(inherited)",
				);
				GCC_WARN_64_TO_32_BIT_CONVERSION = YES;
				GCC_WARN_ABOUT_RETURN_TYPE = YES_ERROR;
				GCC_WARN_UNDECLARED_SELECTOR = YES;
				GCC_WARN_UNINITIALIZED_AUTOS = YES_AGGRESSIVE;
				GCC_WARN_UNUSED_FUNCTION = YES;
				GCC_WARN_UNUSED_VARIABLE = YES;
				IPHONEOS_DEPLOYMENT_TARGET = 9.0;
				MTL_ENABLE_DEBUG_INFO = YES;
				ONLY_ACTIVE_ARCH = YES;
				SDKROOT = iphoneos;
				SWIFT_OPTIMIZATION_LEVEL = "-Onone";
			};
			name = Debug;
		};
		38F0C8F21BB5DD440030EC5D /* Release */ = {
			isa = XCBuildConfiguration;
			buildSettings = {
				ALWAYS_SEARCH_USER_PATHS = NO;
				CLANG_CXX_LANGUAGE_STANDARD = "gnu++0x";
				CLANG_CXX_LIBRARY = "libc++";
				CLANG_ENABLE_MODULES = YES;
				CLANG_ENABLE_OBJC_ARC = YES;
				CLANG_WARN_BOOL_CONVERSION = YES;
				CLANG_WARN_CONSTANT_CONVERSION = YES;
				CLANG_WARN_DIRECT_OBJC_ISA_USAGE = YES_ERROR;
				CLANG_WARN_EMPTY_BODY = YES;
				CLANG_WARN_ENUM_CONVERSION = YES;
				CLANG_WARN_INT_CONVERSION = YES;
				CLANG_WARN_OBJC_ROOT_CLASS = YES_ERROR;
				CLANG_WARN_UNREACHABLE_CODE = YES;
				CLANG_WARN__DUPLICATE_METHOD_MATCH = YES;
				"CODE_SIGN_IDENTITY[sdk=iphoneos*]" = "iPhone Developer";
				COPY_PHASE_STRIP = NO;
				DEBUG_INFORMATION_FORMAT = "dwarf-with-dsym";
				ENABLE_NS_ASSERTIONS = NO;
				ENABLE_STRICT_OBJC_MSGSEND = YES;
				GCC_C_LANGUAGE_STANDARD = gnu99;
				GCC_NO_COMMON_BLOCKS = YES;
				GCC_WARN_64_TO_32_BIT_CONVERSION = YES;
				GCC_WARN_ABOUT_RETURN_TYPE = YES_ERROR;
				GCC_WARN_UNDECLARED_SELECTOR = YES;
				GCC_WARN_UNINITIALIZED_AUTOS = YES_AGGRESSIVE;
				GCC_WARN_UNUSED_FUNCTION = YES;
				GCC_WARN_UNUSED_VARIABLE = YES;
				IPHONEOS_DEPLOYMENT_TARGET = 9.0;
				MTL_ENABLE_DEBUG_INFO = NO;
				SDKROOT = iphoneos;
				VALIDATE_PRODUCT = YES;
			};
			name = Release;
		};
		38F0C8F41BB5DD440030EC5D /* Debug */ = {
			isa = XCBuildConfiguration;
			buildSettings = {
				ASSETCATALOG_COMPILER_APPICON_NAME = AppIcon;
				INFOPLIST_FILE = Sneezeboard/Info.plist;
				LD_RUNPATH_SEARCH_PATHS = "$(inherited) @executable_path/Frameworks";
				PRODUCT_BUNDLE_IDENTIFIER = com.sneezefestival.Sneezeboard;
				PRODUCT_NAME = "$(TARGET_NAME)";
			};
			name = Debug;
		};
		38F0C8F51BB5DD440030EC5D /* Release */ = {
			isa = XCBuildConfiguration;
			buildSettings = {
				ASSETCATALOG_COMPILER_APPICON_NAME = AppIcon;
				INFOPLIST_FILE = Sneezeboard/Info.plist;
				LD_RUNPATH_SEARCH_PATHS = "$(inherited) @executable_path/Frameworks";
				PRODUCT_BUNDLE_IDENTIFIER = com.sneezefestival.Sneezeboard;
				PRODUCT_NAME = "$(TARGET_NAME)";
			};
			name = Release;
		};
/* End XCBuildConfiguration section */

/* Begin XCConfigurationList section */
		38F0C8DC1BB5DD440030EC5D /* Build configuration list for PBXProject "Sneezeboard" */ = {
			isa = XCConfigurationList;
			buildConfigurations = (
				38F0C8F11BB5DD440030EC5D /* Debug */,
				38F0C8F21BB5DD440030EC5D /* Release */,
			);
			defaultConfigurationIsVisible = 0;
			defaultConfigurationName = Release;
		};
		38F0C8F31BB5DD440030EC5D /* Build configuration list for PBXNativeTarget "Sneezeboard" */ = {
			isa = XCConfigurationList;
			buildConfigurations = (
				38F0C8F41BB5DD440030EC5D /* Debug */,
				38F0C8F51BB5DD440030EC5D /* Release */,
			);
			defaultConfigurationIsVisible = 0;
		};
/* End XCConfigurationList section */
	};
	rootObject = 38F0C8D91BB5DD440030EC5D /* Project object */;
}
